{
  "name": "arinc424-toolkit",
  "version": "1.0.0",
  "lockfileVersion": 3,
  "requires": true,
  "packages": {
    "": {
      "name": "arinc424-toolkit",
      "version": "1.0.0",
      "license": "MIT",
      "workspaces": [
        "packages/*"
      ],
      "bin": {
        "arinc": "bin/arinc.js"
      }
    },
    "node_modules/@arinc/3dtiles": {
      "resolved": "packages/3dtiles",
      "link": true
    },
    "node_modules/@arinc/core": {
      "resolved": "packages/core",
      "link": true
    },
    "node_modules/@arinc/features": {
      "resolved": "packages/features",
      "link": true
    },
    "node_modules/@arinc/tiles": {
      "resolved": "packages/tiles",
      "link": true
    },
    "node_modules/@arinc/view": {
      "resolved": "packages/view",
      "link": true
    },
    "node_modules/earcut": {
      "version": "3.0.2",
      "resolved": "https://registry.npmjs.org/earcut/-/earcut-3.0.2.tgz",
      "integrity": "sha512-X7hshQbLyMJ/3RPhyObLARM2sNxxmRALLKx1+NVFFnQ9gKzmCrxm9+uLIAdBcvc8FNLpctqlQ2V6AE92Ol9UDQ==",
      "license": "ISC"
    },
    "packages/3dtiles": {
      "name": "@arinc/3dtiles",
      "version": "1.0.0",
      "dependencies": {
        "@arinc/features": "1.0.0",
        "earcut": "^3.0.2"
      }
    },
    "packages/core": {
      "name": "@arinc/core",
      "version": "1.0.0"
    },
    "packages/features": {
      "name": "@arinc/features",
      "version": "1.0.0",
      "dependencies": {
        "@arinc/core": "1.0.0"
      }
    },
    "packages/tiles": {
      "name": "@arinc/tiles",
      "version": "1.0.0",
      "dependencies": {
        "@arinc/features": "1.0.0"
      }
    },
    "packages/view": {
      "name": "@arinc/view",
      "version": "1.0.0"
    }
  }
}
